
Microsoft Visual Studio Solution File, Format Version 12.00
# Visual Studio Version 16
VisualStudioVersion = 16.0.29411.108
MinimumVisualStudioVersion = 10.0.40219.1
Project("{FAE04EC0-301F-11D3-BF4B-00C04F79EFBC}") = "QuanLySanBongMini", "QuanLySanBongMini\QuanLySanBongMini.csproj", "{99DE445A-0D05-4CC2-BC5E-11459E6336A6}"
EndProject
Project("{FAE04EC0-301F-11D3-BF4B-00C04F79EFBC}") = "QuanLySanBongMiniTests", "QuanLySanBongMiniTests\QuanLySanBongMiniTests.csproj", "{D9B17B8B-86A7-454D-A9D3-14CB06963A34}"
EndProject
Global
	GlobalSection(SolutionConfigurationPlatforms) = preSolution
		Debug|Any CPU = Debug|Any CPU
		Release|Any CPU = Release|Any CPU
	EndGlobalSection
	GlobalSection(ProjectConfigurationPlatforms) = postSolution
		{99DE445A-0D05-4CC2-BC5E-11459E6336A6}.Debug|Any CPU.ActiveCfg = Debug|Any CPU
		{99DE445A-0D05-4CC2-BC5E-11459E6336A6}.Debug|Any CPU.Build.0 = Debug|Any CPU
		{99DE445A-0D05-4CC2-BC5E-11459E6336A6}.Release|Any CPU.ActiveCfg = Release|Any CPU
		{99DE445A-0D05-4CC2-BC5E-11459E6336A6}.Release|Any CPU.Build.0 = Release|Any CPU
		{D9B17B8B-86A7-454D-A9D3-14CB06963A34}.Debug|Any CPU.ActiveCfg = Debug|Any CPU
		{D9B17B8B-86A7-454D-A9D3-14CB06963A34}.Debug|Any CPU.Build.0 = Debug|Any CPU
		{D9B17B8B-86A7-454D-A9D3-14CB06963A34}.Release|Any CPU.ActiveCfg = Release|Any CPU
		{D9B17B8B-86A7-454D-A9D3-14CB06963A34}.Release|Any CPU.Build.0 = Release|Any CPU
	EndGlobalSection
	GlobalSection(SolutionProperties) = preSolution
		HideSolutionNode = FALSE
	EndGlobalSection
	GlobalSection(ExtensibilityGlobals) = postSolution
		SolutionGuid = {8C8D209B-2EE3-46E9-9F76-1259E3A3C1B0}
	EndGlobalSection
EndGlobal
